
Microsoft Visual Studio Solution File, Format Version 12.00
# Visual Studio Version 17
VisualStudioVersion = 17.0.31903.59
MinimumVisualStudioVersion = 10.0.40219.1
Project("{9A19103F-16F7-4668-BE54-9A1E7A4F7556}") = "MyPack", "src\MyPack\MyPack.csproj", "{BCB20B9E-3CA5-467D-8E4E-B216676DCB61}"
EndProject
Project("{9A19103F-16F7-4668-BE54-9A1E7A4F7556}") = "_build", "build\_build.csproj", "{1A00EA99-70C0-4A15-8A81-9880A75D0D4E}"
EndProject
Global
	GlobalSection(SolutionConfigurationPlatforms) = preSolution
		Debug|Any CPU = Debug|Any CPU
		Release|Any CPU = Release|Any CPU
	EndGlobalSection
	GlobalSection(ProjectConfigurationPlatforms) = postSolution
		{1A00EA99-70C0-4A15-8A81-9880A75D0D4E}.Debug|Any CPU.ActiveCfg = Debug|Any CPU
		{1A00EA99-70C0-4A15-8A81-9880A75D0D4E}.Release|Any CPU.ActiveCfg = Release|Any CPU
		{BCB20B9E-3CA5-467D-8E4E-B216676DCB61}.Debug|Any CPU.ActiveCfg = Debug|Any CPU
		{BCB20B9E-3CA5-467D-8E4E-B216676DCB61}.Debug|Any CPU.Build.0 = Debug|Any CPU
		{BCB20B9E-3CA5-467D-8E4E-B216676DCB61}.Release|Any CPU.ActiveCfg = Release|Any CPU
		{BCB20B9E-3CA5-467D-8E4E-B216676DCB61}.Release|Any CPU.Build.0 = Release|Any CPU
	EndGlobalSection
	GlobalSection(SolutionProperties) = preSolution
		HideSolutionNode = FALSE
	EndGlobalSection
	GlobalSection(ExtensibilityGlobals) = postSolution
		SolutionGuid = {35A2DF95-B437-4D52-BE6A-745CECFBBADF}
	EndGlobalSection
EndGlobal
